
Microsoft Visual Studio Solution File, Format Version 12.00
# Visual Studio Version 16
VisualStudioVersion = 16.0.31613.86
MinimumVisualStudioVersion = 10.0.40219.1
Project("{FAE04EC0-301F-11D3-BF4B-00C04F79EFBC}") = "RabbitMQProducerAPI", "RabbitMQProducerAPI.csproj", "{86599471-9D13-4932-A2F5-4FB3DA236278}"
EndProject
Global
	GlobalSection(SolutionConfigurationPlatforms) = preSolution
		Debug|Any CPU = Debug|Any CPU
		Release|Any CPU = Release|Any CPU
	EndGlobalSection
	GlobalSection(ProjectConfigurationPlatforms) = postSolution
		{86599471-9D13-4932-A2F5-4FB3DA236278}.Debug|Any CPU.ActiveCfg = Debug|Any CPU
		{86599471-9D13-4932-A2F5-4FB3DA236278}.Debug|Any CPU.Build.0 = Debug|Any CPU
		{86599471-9D13-4932-A2F5-4FB3DA236278}.Release|Any CPU.ActiveCfg = Release|Any CPU
		{86599471-9D13-4932-A2F5-4FB3DA236278}.Release|Any CPU.Build.0 = Release|Any CPU
	EndGlobalSection
	GlobalSection(SolutionProperties) = preSolution
		HideSolutionNode = FALSE
	EndGlobalSection
	GlobalSection(ExtensibilityGlobals) = postSolution
		SolutionGuid = {F077C99E-E234-454C-A9D5-C7F56E0E9FC3}
	EndGlobalSection
EndGlobal
